// !$*UTF8*$!
{
	archiveVersion = 1;
	classes = {
	};
	objectVersion = 46;
	objects = {

/* Begin PBXBuildFile section */
		C21F117615A18C9600A18B76 /* libAdMobileSDK.a in Frameworks */ = {isa = PBXBuildFile; fileRef = C2BDC851157FA8C1001A3F23 /* libAdMobileSDK.a */; };
		C29AAD04163039B600F32642 /* ESProviderInterstitialMOceanBased.h in Headers */ = {isa = PBXBuildFile; fileRef = C29AACFE163039B500F32642 /* ESProviderInterstitialMOceanBased.h */; };
		C29AAD05163039B600F32642 /* ESProviderInterstitialMOceanBased.m in Sources */ = {isa = PBXBuildFile; fileRef = C29AACFF163039B500F32642 /* ESProviderInterstitialMOceanBased.m */; };
		C29AAD06163039B600F32642 /* ESProviderInterstitialMojiva.h in Headers */ = {isa = PBXBuildFile; fileRef = C29AAD00163039B500F32642 /* ESProviderInterstitialMojiva.h */; };
		C29AAD07163039B600F32642 /* ESProviderInterstitialMojiva.m in Sources */ = {isa = PBXBuildFile; fileRef = C29AAD01163039B500F32642 /* ESProviderInterstitialMojiva.m */; };
		C29AAD08163039B600F32642 /* ESProviderInterstitialYocPerformance.h in Headers */ = {isa = PBXBuildFile; fileRef = C29AAD02163039B500F32642 /* ESProviderInterstitialYocPerformance.h */; };
		C29AAD09163039B600F32642 /* ESProviderInterstitialYocPerformance.m in Sources */ = {isa = PBXBuildFile; fileRef = C29AAD03163039B600F32642 /* ESProviderInterstitialYocPerformance.m */; };
		C2D9D47115F9D95600CCE5FB /* epom_provider_yoc_mojiva-Prefix.pch in Headers */ = {isa = PBXBuildFile; fileRef = C2D9D46E15F9D95600CCE5FB /* epom_provider_yoc_mojiva-Prefix.pch */; };
		C2D9D47215F9D95600CCE5FB /* ESProviderBannerYocPerformance.h in Headers */ = {isa = PBXBuildFile; fileRef = C2D9D46F15F9D95600CCE5FB /* ESProviderBannerYocPerformance.h */; };
		C2D9D47315F9D95600CCE5FB /* ESProviderBannerYocPerformance.m in Sources */ = {isa = PBXBuildFile; fileRef = C2D9D47015F9D95600CCE5FB /* ESProviderBannerYocPerformance.m */; };
		C2D9D4AB15F9DF8800CCE5FB /* ESProviderBannerMojiva.h in Headers */ = {isa = PBXBuildFile; fileRef = C2D9D4A915F9DF8700CCE5FB /* ESProviderBannerMojiva.h */; };
		C2D9D4AC15F9DF8800CCE5FB /* ESProviderBannerMojiva.m in Sources */ = {isa = PBXBuildFile; fileRef = C2D9D4AA15F9DF8700CCE5FB /* ESProviderBannerMojiva.m */; };
		C2D9D4AF15F9E01600CCE5FB /* ESProviderBannerMOceanBased.h in Headers */ = {isa = PBXBuildFile; fileRef = C2D9D4AD15F9E01500CCE5FB /* ESProviderBannerMOceanBased.h */; };
		C2D9D4B015F9E01600CCE5FB /* ESProviderBannerMOceanBased.m in Sources */ = {isa = PBXBuildFile; fileRef = C2D9D4AE15F9E01500CCE5FB /* ESProviderBannerMOceanBased.m */; };
/* End PBXBuildFile section */

/* Begin PBXContainerItemProxy section */
		C2BDC850157FA8C1001A3F23 /* PBXContainerItemProxy */ = {
			isa = PBXContainerItemProxy;
			containerPortal = C2BDC848157FA8C0001A3F23 /* AdMobileSDK.xcodeproj */;
			proxyType = 2;
			remoteGlobalIDString = CFE1ED4112FA979400600579;
			remoteInfo = AdMobileSDK;
		};
/* End PBXContainerItemProxy section */

/* Begin PBXFileReference section */
		C29AACFE163039B500F32642 /* ESProviderInterstitialMOceanBased.h */ = {isa = PBXFileReference; fileEncoding = 4; lastKnownFileType = sourcecode.c.h; path = ESProviderInterstitialMOceanBased.h; sourceTree = "<group>"; };
		C29AACFF163039B500F32642 /* ESProviderInterstitialMOceanBased.m */ = {isa = PBXFileReference; fileEncoding = 4; lastKnownFileType = sourcecode.c.objc; path = ESProviderInterstitialMOceanBased.m; sourceTree = "<group>"; };
		C29AAD00163039B500F32642 /* ESProviderInterstitialMojiva.h */ = {isa = PBXFileReference; fileEncoding = 4; lastKnownFileType = sourcecode.c.h; path = ESProviderInterstitialMojiva.h; sourceTree = "<group>"; };
		C29AAD01163039B500F32642 /* ESProviderInterstitialMojiva.m */ = {isa = PBXFileReference; fileEncoding = 4; lastKnownFileType = sourcecode.c.objc; path = ESProviderInterstitialMojiva.m; sourceTree = "<group>"; };
		C29AAD02163039B500F32642 /* ESProviderInterstitialYocPerformance.h */ = {isa = PBXFileReference; fileEncoding = 4; lastKnownFileType = sourcecode.c.h; path = ESProviderInterstitialYocPerformance.h; sourceTree = "<group>"; };
		C29AAD03163039B600F32642 /* ESProviderInterstitialYocPerformance.m */ = {isa = PBXFileReference; fileEncoding = 4; lastKnownFileType = sourcecode.c.objc; path = ESProviderInterstitialYocPerformance.m; sourceTree = "<group>"; };
		C2BDC6FE157FA524001A3F23 /* libepom_provider_yoc_mojiva.a */ = {isa = PBXFileReference; explicitFileType = archive.ar; includeInIndex = 0; path = libepom_provider_yoc_mojiva.a; sourceTree = BUILT_PRODUCTS_DIR; };
		C2BDC848157FA8C0001A3F23 /* AdMobileSDK.xcodeproj */ = {isa = PBXFileReference; lastKnownFileType = "wrapper.pb-project"; name = AdMobileSDK.xcodeproj; path = ../../../externals/mOcean/AdMobileSDK.xcodeproj; sourceTree = "<group>"; };
		C2D9D46E15F9D95600CCE5FB /* epom_provider_yoc_mojiva-Prefix.pch */ = {isa = PBXFileReference; fileEncoding = 4; lastKnownFileType = sourcecode.c.h; path = "epom_provider_yoc_mojiva-Prefix.pch"; sourceTree = "<group>"; };
		C2D9D46F15F9D95600CCE5FB /* ESProviderBannerYocPerformance.h */ = {isa = PBXFileReference; fileEncoding = 4; lastKnownFileType = sourcecode.c.h; path = ESProviderBannerYocPerformance.h; sourceTree = "<group>"; };
		C2D9D47015F9D95600CCE5FB /* ESProviderBannerYocPerformance.m */ = {isa = PBXFileReference; fileEncoding = 4; lastKnownFileType = sourcecode.c.objc; path = ESProviderBannerYocPerformance.m; sourceTree = "<group>"; };
		C2D9D4A915F9DF8700CCE5FB /* ESProviderBannerMojiva.h */ = {isa = PBXFileReference; fileEncoding = 4; lastKnownFileType = sourcecode.c.h; path = ESProviderBannerMojiva.h; sourceTree = "<group>"; };
		C2D9D4AA15F9DF8700CCE5FB /* ESProviderBannerMojiva.m */ = {isa = PBXFileReference; fileEncoding = 4; lastKnownFileType = sourcecode.c.objc; path = ESProviderBannerMojiva.m; sourceTree = "<group>"; };
		C2D9D4AD15F9E01500CCE5FB /* ESProviderBannerMOceanBased.h */ = {isa = PBXFileReference; fileEncoding = 4; lastKnownFileType = sourcecode.c.h; path = ESProviderBannerMOceanBased.h; sourceTree = "<group>"; };
		C2D9D4AE15F9E01500CCE5FB /* ESProviderBannerMOceanBased.m */ = {isa = PBXFileReference; fileEncoding = 4; lastKnownFileType = sourcecode.c.objc; path = ESProviderBannerMOceanBased.m; sourceTree = "<group>"; };
/* End PBXFileReference section */

/* Begin PBXFrameworksBuildPhase section */
		C2BDC6FB157FA524001A3F23 /* Frameworks */ = {
			isa = PBXFrameworksBuildPhase;
			buildActionMask = 2147483647;
			files = (
				C21F117615A18C9600A18B76 /* libAdMobileSDK.a in Frameworks */,
			);
			runOnlyForDeploymentPostprocessing = 0;
		};
/* End PBXFrameworksBuildPhase section */

/* Begin PBXGroup section */
		C2BDC6F3157FA524001A3F23 = {
			isa = PBXGroup;
			children = (
				C2BDC848157FA8C0001A3F23 /* AdMobileSDK.xcodeproj */,
				C2D9D46D15F9D95600CCE5FB /* epom_provider_yoc_mojiva */,
				C2BDC700157FA524001A3F23 /* Frameworks */,
				C2BDC6FF157FA524001A3F23 /* Products */,
			);
			sourceTree = "<group>";
		};
		C2BDC6FF157FA524001A3F23 /* Products */ = {
			isa = PBXGroup;
			children = (
				C2BDC6FE157FA524001A3F23 /* libepom_provider_yoc_mojiva.a */,
			);
			name = Products;
			sourceTree = "<group>";
		};
		C2BDC700157FA524001A3F23 /* Frameworks */ = {
			isa = PBXGroup;
			children = (
			);
			name = Frameworks;
			sourceTree = "<group>";
		};
		C2BDC849157FA8C0001A3F23 /* Products */ = {
			isa = PBXGroup;
			children = (
				C2BDC851157FA8C1001A3F23 /* libAdMobileSDK.a */,
			);
			name = Products;
			sourceTree = "<group>";
		};
		C2D9D46D15F9D95600CCE5FB /* epom_provider_yoc_mojiva */ = {
			isa = PBXGroup;
			children = (
				C2D9D4AD15F9E01500CCE5FB /* ESProviderBannerMOceanBased.h */,
				C2D9D4AE15F9E01500CCE5FB /* ESProviderBannerMOceanBased.m */,
				C2D9D46F15F9D95600CCE5FB /* ESProviderBannerYocPerformance.h */,
				C2D9D47015F9D95600CCE5FB /* ESProviderBannerYocPerformance.m */,
				C2D9D4A915F9DF8700CCE5FB /* ESProviderBannerMojiva.h */,
				C2D9D4AA15F9DF8700CCE5FB /* ESProviderBannerMojiva.m */,
				C29AACFE163039B500F32642 /* ESProviderInterstitialMOceanBased.h */,
				C29AACFF163039B500F32642 /* ESProviderInterstitialMOceanBased.m */,
				C29AAD00163039B500F32642 /* ESProviderInterstitialMojiva.h */,
				C29AAD01163039B500F32642 /* ESProviderInterstitialMojiva.m */,
				C29AAD02163039B500F32642 /* ESProviderInterstitialYocPerformance.h */,
				C29AAD03163039B600F32642 /* ESProviderInterstitialYocPerformance.m */,
				C2D9D47415F9D96100CCE5FB /* Supporting Files */,
			);
			path = epom_provider_yoc_mojiva;
			sourceTree = "<group>";
		};
		C2D9D47415F9D96100CCE5FB /* Supporting Files */ = {
			isa = PBXGroup;
			children = (
				C2D9D46E15F9D95600CCE5FB /* epom_provider_yoc_mojiva-Prefix.pch */,
			);
			name = "Supporting Files";
			sourceTree = "<group>";
		};
/* End PBXGroup section */

/* Begin PBXHeadersBuildPhase section */
		C2BDC6FC157FA524001A3F23 /* Headers */ = {
			isa = PBXHeadersBuildPhase;
			buildActionMask = 2147483647;
			files = (
				C2D9D47115F9D95600CCE5FB /* epom_provider_yoc_mojiva-Prefix.pch in Headers */,
				C2D9D47215F9D95600CCE5FB /* ESProviderBannerYocPerformance.h in Headers */,
				C2D9D4AB15F9DF8800CCE5FB /* ESProviderBannerMojiva.h in Headers */,
				C2D9D4AF15F9E01600CCE5FB /* ESProviderBannerMOceanBased.h in Headers */,
				C29AAD04163039B600F32642 /* ESProviderInterstitialMOceanBased.h in Headers */,
				C29AAD06163039B600F32642 /* ESProviderInterstitialMojiva.h in Headers */,
				C29AAD08163039B600F32642 /* ESProviderInterstitialYocPerformance.h in Headers */,
			);
			runOnlyForDeploymentPostprocessing = 0;
		};
/* End PBXHeadersBuildPhase section */

/* Begin PBXNativeTarget section */
		C2BDC6FD157FA524001A3F23 /* epom_provider_yoc_mojiva */ = {
			isa = PBXNativeTarget;
			buildConfigurationList = C2BDC70B157FA524001A3F23 /* Build configuration list for PBXNativeTarget "epom_provider_yoc_mojiva" */;
			buildPhases = (
				C2BDC6FA157FA524001A3F23 /* Sources */,
				C2BDC6FB157FA524001A3F23 /* Frameworks */,
				C2BDC6FC157FA524001A3F23 /* Headers */,
				C2BDC874157FAAF8001A3F23 /* ShellScript */,
			);
			buildRules = (
			);
			dependencies = (
			);
			name = epom_provider_yoc_mojiva;
			productName = epom_provider_yoc_mojiva;
			productReference = C2BDC6FE157FA524001A3F23 /* libepom_provider_yoc_mojiva.a */;
			productType = "com.apple.product-type.library.static";
		};
/* End PBXNativeTarget section */

/* Begin PBXProject section */
		C2BDC6F5157FA524001A3F23 /* Project object */ = {
			isa = PBXProject;
			attributes = {
				LastUpgradeCheck = 0440;
			};
			buildConfigurationList = C2BDC6F8157FA524001A3F23 /* Build configuration list for PBXProject "epom_provider_yoc_mojiva" */;
			compatibilityVersion = "Xcode 3.2";
			developmentRegion = English;
			hasScannedForEncodings = 0;
			knownRegions = (
				en,
			);
			mainGroup = C2BDC6F3157FA524001A3F23;
			productRefGroup = C2BDC6FF157FA524001A3F23 /* Products */;
			projectDirPath = "";
			projectReferences = (
				{
					ProductGroup = C2BDC849157FA8C0001A3F23 /* Products */;
					ProjectRef = C2BDC848157FA8C0001A3F23 /* AdMobileSDK.xcodeproj */;
				},
			);
			projectRoot = "";
			targets = (
				C2BDC6FD157FA524001A3F23 /* epom_provider_yoc_mojiva */,
			);
		};
/* End PBXProject section */

/* Begin PBXReferenceProxy section */
		C2BDC851157FA8C1001A3F23 /* libAdMobileSDK.a */ = {
			isa = PBXReferenceProxy;
			fileType = archive.ar;
			path = libAdMobileSDK.a;
			remoteRef = C2BDC850157FA8C1001A3F23 /* PBXContainerItemProxy */;
			sourceTree = BUILT_PRODUCTS_DIR;
		};
/* End PBXReferenceProxy section */

/* Begin PBXShellScriptBuildPhase section */
		C2BDC874157FAAF8001A3F23 /* ShellScript */ = {
			isa = PBXShellScriptBuildPhase;
			buildActionMask = 2147483647;
			files = (
			);
			inputPaths = (
			);
			outputPaths = (
			);
			runOnlyForDeploymentPostprocessing = 0;
			shellPath = /bin/sh;
			shellScript = "../../universal_lib.sh ../../../lib/";
			showEnvVarsInLog = 0;
		};
/* End PBXShellScriptBuildPhase section */

/* Begin PBXSourcesBuildPhase section */
		C2BDC6FA157FA524001A3F23 /* Sources */ = {
			isa = PBXSourcesBuildPhase;
			buildActionMask = 2147483647;
			files = (
				C2D9D47315F9D95600CCE5FB /* ESProviderBannerYocPerformance.m in Sources */,
				C2D9D4AC15F9DF8800CCE5FB /* ESProviderBannerMojiva.m in Sources */,
				C2D9D4B015F9E01600CCE5FB /* ESProviderBannerMOceanBased.m in Sources */,
				C29AAD05163039B600F32642 /* ESProviderInterstitialMOceanBased.m in Sources */,
				C29AAD07163039B600F32642 /* ESProviderInterstitialMojiva.m in Sources */,
				C29AAD09163039B600F32642 /* ESProviderInterstitialYocPerformance.m in Sources */,
			);
			runOnlyForDeploymentPostprocessing = 0;
		};
/* End PBXSourcesBuildPhase section */

/* Begin XCBuildConfiguration section */
		C2BDC709157FA524001A3F23 /* Debug */ = {
			isa = XCBuildConfiguration;
			buildSettings = {
				ALWAYS_SEARCH_USER_PATHS = NO;
				ARCHS = "$(ARCHS_STANDARD_32_BIT)";
				COPY_PHASE_STRIP = NO;
				GCC_C_LANGUAGE_STANDARD = gnu99;
				GCC_DYNAMIC_NO_PIC = NO;
				GCC_OPTIMIZATION_LEVEL = 0;
				GCC_PREPROCESSOR_DEFINITIONS = (
					"DEBUG=1",
					"$(inherited)",
				);
				GCC_SYMBOLS_PRIVATE_EXTERN = NO;
				GCC_THUMB_SUPPORT = NO;
				GCC_VERSION = "";
				GCC_WARN_ABOUT_RETURN_TYPE = YES;
				GCC_WARN_UNINITIALIZED_AUTOS = YES;
				GCC_WARN_UNUSED_VARIABLE = YES;
				HEADER_SEARCH_PATHS = (
					../../shared/,
					../../../include/,
					../../../externals/,
				);
				IPHONEOS_DEPLOYMENT_TARGET = 4.3;
				SDKROOT = iphoneos;
				VALID_ARCHS = "armv7 armv7s i386";
			};
			name = Debug;
		};
		C2BDC70A157FA524001A3F23 /* Release */ = {
			isa = XCBuildConfiguration;
			buildSettings = {
				ALWAYS_SEARCH_USER_PATHS = NO;
				ARCHS = "$(ARCHS_STANDARD_32_BIT)";
				COPY_PHASE_STRIP = YES;
				GCC_C_LANGUAGE_STANDARD = gnu99;
				GCC_THUMB_SUPPORT = NO;
				GCC_VERSION = "";
				GCC_WARN_ABOUT_RETURN_TYPE = YES;
				GCC_WARN_UNINITIALIZED_AUTOS = YES;
				GCC_WARN_UNUSED_VARIABLE = YES;
				HEADER_SEARCH_PATHS = (
					../../shared/,
					../../../include/,
					../../../externals/,
				);
				IPHONEOS_DEPLOYMENT_TARGET = 4.3;
				SDKROOT = iphoneos;
				VALIDATE_PRODUCT = YES;
				VALID_ARCHS = "armv7 armv7s i386";
			};
			name = Release;
		};
		C2BDC70C157FA524001A3F23 /* Debug */ = {
			isa = XCBuildConfiguration;
			buildSettings = {
				GCC_PRECOMPILE_PREFIX_HEADER = YES;
				GCC_PREFIX_HEADER = "epom_provider_yoc_mojiva/epom_provider_yoc_mojiva-Prefix.pch";
				GCC_THUMB_SUPPORT = NO;
				PRODUCT_NAME = epom_provider_yoc_mojiva;
				SKIP_INSTALL = YES;
			};
			name = Debug;
		};
		C2BDC70D157FA524001A3F23 /* Release */ = {
			isa = XCBuildConfiguration;
			buildSettings = {
				GCC_PRECOMPILE_PREFIX_HEADER = YES;
				GCC_PREFIX_HEADER = "epom_provider_yoc_mojiva/epom_provider_yoc_mojiva-Prefix.pch";
				GCC_THUMB_SUPPORT = NO;
				PRODUCT_NAME = epom_provider_yoc_mojiva;
				SKIP_INSTALL = YES;
			};
			name = Release;
		};
/* End XCBuildConfiguration section */

/* Begin XCConfigurationList section */
		C2BDC6F8157FA524001A3F23 /* Build configuration list for PBXProject "epom_provider_yoc_mojiva" */ = {
			isa = XCConfigurationList;
			buildConfigurations = (
				C2BDC709157FA524001A3F23 /* Debug */,
				C2BDC70A157FA524001A3F23 /* Release */,
			);
			defaultConfigurationIsVisible = 0;
			defaultConfigurationName = Release;
		};
		C2BDC70B157FA524001A3F23 /* Build configuration list for PBXNativeTarget "epom_provider_yoc_mojiva" */ = {
			isa = XCConfigurationList;
			buildConfigurations = (
				C2BDC70C157FA524001A3F23 /* Debug */,
				C2BDC70D157FA524001A3F23 /* Release */,
			);
			defaultConfigurationIsVisible = 0;
			defaultConfigurationName = Release;
		};
/* End XCConfigurationList section */
	};
	rootObject = C2BDC6F5157FA524001A3F23 /* Project object */;
}
