// !$*UTF8*$!
{
	archiveVersion = 1;
	classes = {
	};
	objectVersion = 46;
	objects = {

/* Begin PBXBuildFile section */
		C21B748B15D10B610027C1F2 /* ESProviderBannerWapStart.m in Sources */ = {isa = PBXBuildFile; fileRef = C21B748A15D10B610027C1F2 /* ESProviderBannerWapStart.m */; };
/* End PBXBuildFile section */

/* Begin PBXFileReference section */
		C21B748115D10B610027C1F2 /* libepom_provider_wapstart.a */ = {isa = PBXFileReference; explicitFileType = archive.ar; includeInIndex = 0; path = libepom_provider_wapstart.a; sourceTree = BUILT_PRODUCTS_DIR; };
		C21B748815D10B610027C1F2 /* epom_provider_wapstart-Prefix.pch */ = {isa = PBXFileReference; lastKnownFileType = sourcecode.c.h; path = "epom_provider_wapstart-Prefix.pch"; sourceTree = "<group>"; };
		C21B748915D10B610027C1F2 /* ESProviderBannerWapStart.h */ = {isa = PBXFileReference; lastKnownFileType = sourcecode.c.h; path = ESProviderBannerWapStart.h; sourceTree = "<group>"; };
		C21B748A15D10B610027C1F2 /* ESProviderBannerWapStart.m */ = {isa = PBXFileReference; lastKnownFileType = sourcecode.c.objc; path = ESProviderBannerWapStart.m; sourceTree = "<group>"; };
/* End PBXFileReference section */

/* Begin PBXFrameworksBuildPhase section */
		C21B747E15D10B610027C1F2 /* Frameworks */ = {
			isa = PBXFrameworksBuildPhase;
			buildActionMask = 2147483647;
			files = (
			);
			runOnlyForDeploymentPostprocessing = 0;
		};
/* End PBXFrameworksBuildPhase section */

/* Begin PBXGroup section */
		C21B747615D10B610027C1F2 = {
			isa = PBXGroup;
			children = (
				C21B748615D10B610027C1F2 /* epom_provider_wapstart */,
				C21B748315D10B610027C1F2 /* Frameworks */,
				C21B748215D10B610027C1F2 /* Products */,
			);
			sourceTree = "<group>";
		};
		C21B748215D10B610027C1F2 /* Products */ = {
			isa = PBXGroup;
			children = (
				C21B748115D10B610027C1F2 /* libepom_provider_wapstart.a */,
			);
			name = Products;
			sourceTree = "<group>";
		};
		C21B748315D10B610027C1F2 /* Frameworks */ = {
			isa = PBXGroup;
			children = (
			);
			name = Frameworks;
			sourceTree = "<group>";
		};
		C21B748615D10B610027C1F2 /* epom_provider_wapstart */ = {
			isa = PBXGroup;
			children = (
				C21B748915D10B610027C1F2 /* ESProviderBannerWapStart.h */,
				C21B748A15D10B610027C1F2 /* ESProviderBannerWapStart.m */,
				C21B748715D10B610027C1F2 /* Supporting Files */,
			);
			path = epom_provider_wapstart;
			sourceTree = "<group>";
		};
		C21B748715D10B610027C1F2 /* Supporting Files */ = {
			isa = PBXGroup;
			children = (
				C21B748815D10B610027C1F2 /* epom_provider_wapstart-Prefix.pch */,
			);
			name = "Supporting Files";
			sourceTree = "<group>";
		};
/* End PBXGroup section */

/* Begin PBXHeadersBuildPhase section */
		C21B747F15D10B610027C1F2 /* Headers */ = {
			isa = PBXHeadersBuildPhase;
			buildActionMask = 2147483647;
			files = (
			);
			runOnlyForDeploymentPostprocessing = 0;
		};
/* End PBXHeadersBuildPhase section */

/* Begin PBXNativeTarget section */
		C21B748015D10B610027C1F2 /* epom_provider_wapstart */ = {
			isa = PBXNativeTarget;
			buildConfigurationList = C21B748E15D10B610027C1F2 /* Build configuration list for PBXNativeTarget "epom_provider_wapstart" */;
			buildPhases = (
				C21B747D15D10B610027C1F2 /* Sources */,
				C21B747E15D10B610027C1F2 /* Frameworks */,
				C21B747F15D10B610027C1F2 /* Headers */,
				C2B6834D15D10D3000E5CBA1 /* ShellScript */,
			);
			buildRules = (
			);
			dependencies = (
			);
			name = epom_provider_wapstart;
			productName = epom_provider_wapstart;
			productReference = C21B748115D10B610027C1F2 /* libepom_provider_wapstart.a */;
			productType = "com.apple.product-type.library.static";
		};
/* End PBXNativeTarget section */

/* Begin PBXProject section */
		C21B747815D10B610027C1F2 /* Project object */ = {
			isa = PBXProject;
			attributes = {
				LastUpgradeCheck = 0440;
			};
			buildConfigurationList = C21B747B15D10B610027C1F2 /* Build configuration list for PBXProject "epom_provider_wapstart" */;
			compatibilityVersion = "Xcode 3.2";
			developmentRegion = English;
			hasScannedForEncodings = 0;
			knownRegions = (
				en,
			);
			mainGroup = C21B747615D10B610027C1F2;
			productRefGroup = C21B748215D10B610027C1F2 /* Products */;
			projectDirPath = "";
			projectRoot = "";
			targets = (
				C21B748015D10B610027C1F2 /* epom_provider_wapstart */,
			);
		};
/* End PBXProject section */

/* Begin PBXShellScriptBuildPhase section */
		C2B6834D15D10D3000E5CBA1 /* ShellScript */ = {
			isa = PBXShellScriptBuildPhase;
			buildActionMask = 2147483647;
			files = (
			);
			inputPaths = (
			);
			outputPaths = (
			);
			runOnlyForDeploymentPostprocessing = 0;
			shellPath = /bin/sh;
			shellScript = "../../universal_lib.sh ../../../lib/";
			showEnvVarsInLog = 0;
		};
/* End PBXShellScriptBuildPhase section */

/* Begin PBXSourcesBuildPhase section */
		C21B747D15D10B610027C1F2 /* Sources */ = {
			isa = PBXSourcesBuildPhase;
			buildActionMask = 2147483647;
			files = (
				C21B748B15D10B610027C1F2 /* ESProviderBannerWapStart.m in Sources */,
			);
			runOnlyForDeploymentPostprocessing = 0;
		};
/* End PBXSourcesBuildPhase section */

/* Begin XCBuildConfiguration section */
		C21B748C15D10B610027C1F2 /* Debug */ = {
			isa = XCBuildConfiguration;
			buildSettings = {
				ALWAYS_SEARCH_USER_PATHS = NO;
				ARCHS = "$(ARCHS_STANDARD_32_BIT)";
				COPY_PHASE_STRIP = NO;
				GCC_C_LANGUAGE_STANDARD = gnu99;
				GCC_DYNAMIC_NO_PIC = NO;
				GCC_OPTIMIZATION_LEVEL = 0;
				GCC_PREPROCESSOR_DEFINITIONS = (
					"DEBUG=1",
					"$(inherited)",
				);
				GCC_SYMBOLS_PRIVATE_EXTERN = NO;
				GCC_THUMB_SUPPORT = NO;
				GCC_VERSION = "";
				GCC_WARN_ABOUT_RETURN_TYPE = YES;
				GCC_WARN_UNINITIALIZED_AUTOS = YES;
				GCC_WARN_UNUSED_VARIABLE = YES;
				HEADER_SEARCH_PATHS = (
					../../shared/,
					../../../include/,
					../../../externals/,
					../../../externals/WapStart/src/,
					../../../externals/WapStart/src/MRAID/,
					/usr/include/libxml2,
				);
				IPHONEOS_DEPLOYMENT_TARGET = 4.3;
				SDKROOT = iphoneos;
				VALID_ARCHS = "armv7 armv7s i386";
			};
			name = Debug;
		};
		C21B748D15D10B610027C1F2 /* Release */ = {
			isa = XCBuildConfiguration;
			buildSettings = {
				ALWAYS_SEARCH_USER_PATHS = NO;
				ARCHS = "$(ARCHS_STANDARD_32_BIT)";
				COPY_PHASE_STRIP = YES;
				GCC_C_LANGUAGE_STANDARD = gnu99;
				GCC_THUMB_SUPPORT = NO;
				GCC_VERSION = "";
				GCC_WARN_ABOUT_RETURN_TYPE = YES;
				GCC_WARN_UNINITIALIZED_AUTOS = YES;
				GCC_WARN_UNUSED_VARIABLE = YES;
				HEADER_SEARCH_PATHS = (
					../../shared/,
					../../../include/,
					../../../externals/,
					../../../externals/WapStart/src/,
					../../../externals/WapStart/src/MRAID/,
					/usr/include/libxml2,
				);
				IPHONEOS_DEPLOYMENT_TARGET = 4.3;
				SDKROOT = iphoneos;
				VALIDATE_PRODUCT = YES;
				VALID_ARCHS = "armv7 armv7s i386";
			};
			name = Release;
		};
		C21B748F15D10B610027C1F2 /* Debug */ = {
			isa = XCBuildConfiguration;
			buildSettings = {
				DSTROOT = /tmp/epom_provider_wapstart.dst;
				GCC_PRECOMPILE_PREFIX_HEADER = YES;
				GCC_PREFIX_HEADER = "epom_provider_wapstart/epom_provider_wapstart-Prefix.pch";
				GCC_THUMB_SUPPORT = NO;
				OTHER_LDFLAGS = "-ObjC";
				PRODUCT_NAME = "$(TARGET_NAME)";
				SKIP_INSTALL = YES;
			};
			name = Debug;
		};
		C21B749015D10B610027C1F2 /* Release */ = {
			isa = XCBuildConfiguration;
			buildSettings = {
				DSTROOT = /tmp/epom_provider_wapstart.dst;
				GCC_PRECOMPILE_PREFIX_HEADER = YES;
				GCC_PREFIX_HEADER = "epom_provider_wapstart/epom_provider_wapstart-Prefix.pch";
				GCC_THUMB_SUPPORT = NO;
				OTHER_LDFLAGS = "-ObjC";
				PRODUCT_NAME = "$(TARGET_NAME)";
				SKIP_INSTALL = YES;
			};
			name = Release;
		};
/* End XCBuildConfiguration section */

/* Begin XCConfigurationList section */
		C21B747B15D10B610027C1F2 /* Build configuration list for PBXProject "epom_provider_wapstart" */ = {
			isa = XCConfigurationList;
			buildConfigurations = (
				C21B748C15D10B610027C1F2 /* Debug */,
				C21B748D15D10B610027C1F2 /* Release */,
			);
			defaultConfigurationIsVisible = 0;
			defaultConfigurationName = Release;
		};
		C21B748E15D10B610027C1F2 /* Build configuration list for PBXNativeTarget "epom_provider_wapstart" */ = {
			isa = XCConfigurationList;
			buildConfigurations = (
				C21B748F15D10B610027C1F2 /* Debug */,
				C21B749015D10B610027C1F2 /* Release */,
			);
			defaultConfigurationIsVisible = 0;
			defaultConfigurationName = Release;
		};
/* End XCConfigurationList section */
	};
	rootObject = C21B747815D10B610027C1F2 /* Project object */;
}
