// !$*UTF8*$!
{
	archiveVersion = 1;
	classes = {
	};
	objectVersion = 46;
	objects = {

/* Begin PBXBuildFile section */
		C29AACEE16300C0100F32642 /* ESProviderInterstitialInneractive.h in Headers */ = {isa = PBXBuildFile; fileRef = C29AACEC16300C0100F32642 /* ESProviderInterstitialInneractive.h */; };
		C29AACEF16300C0100F32642 /* ESProviderInterstitialInneractive.m in Sources */ = {isa = PBXBuildFile; fileRef = C29AACED16300C0100F32642 /* ESProviderInterstitialInneractive.m */; };
		C2D8F542157E1346003076D9 /* ESProviderBannerInneractive.m in Sources */ = {isa = PBXBuildFile; fileRef = C2D8F541157E1346003076D9 /* ESProviderBannerInneractive.m */; };
/* End PBXBuildFile section */

/* Begin PBXFileReference section */
		C29AACEC16300C0100F32642 /* ESProviderInterstitialInneractive.h */ = {isa = PBXFileReference; fileEncoding = 4; lastKnownFileType = sourcecode.c.h; path = ESProviderInterstitialInneractive.h; sourceTree = "<group>"; };
		C29AACED16300C0100F32642 /* ESProviderInterstitialInneractive.m */ = {isa = PBXFileReference; fileEncoding = 4; lastKnownFileType = sourcecode.c.objc; path = ESProviderInterstitialInneractive.m; sourceTree = "<group>"; };
		C2D8F538157E1346003076D9 /* libepom_provider_inneractive.a */ = {isa = PBXFileReference; explicitFileType = archive.ar; includeInIndex = 0; path = libepom_provider_inneractive.a; sourceTree = BUILT_PRODUCTS_DIR; };
		C2D8F53F157E1346003076D9 /* epom_provider_inneractive-Prefix.pch */ = {isa = PBXFileReference; lastKnownFileType = sourcecode.c.h; path = "epom_provider_inneractive-Prefix.pch"; sourceTree = "<group>"; };
		C2D8F540157E1346003076D9 /* ESProviderBannerInneractive.h */ = {isa = PBXFileReference; lastKnownFileType = sourcecode.c.h; path = ESProviderBannerInneractive.h; sourceTree = "<group>"; };
		C2D8F541157E1346003076D9 /* ESProviderBannerInneractive.m */ = {isa = PBXFileReference; lastKnownFileType = sourcecode.c.objc; path = ESProviderBannerInneractive.m; sourceTree = "<group>"; };
/* End PBXFileReference section */

/* Begin PBXFrameworksBuildPhase section */
		C2D8F535157E1346003076D9 /* Frameworks */ = {
			isa = PBXFrameworksBuildPhase;
			buildActionMask = 2147483647;
			files = (
			);
			runOnlyForDeploymentPostprocessing = 0;
		};
/* End PBXFrameworksBuildPhase section */

/* Begin PBXGroup section */
		C2D8F52D157E1346003076D9 = {
			isa = PBXGroup;
			children = (
				C2D8F53D157E1346003076D9 /* epom_provider_inneractive */,
				C2D8F53A157E1346003076D9 /* Frameworks */,
				C2D8F539157E1346003076D9 /* Products */,
			);
			sourceTree = "<group>";
		};
		C2D8F539157E1346003076D9 /* Products */ = {
			isa = PBXGroup;
			children = (
				C2D8F538157E1346003076D9 /* libepom_provider_inneractive.a */,
			);
			name = Products;
			sourceTree = "<group>";
		};
		C2D8F53A157E1346003076D9 /* Frameworks */ = {
			isa = PBXGroup;
			children = (
			);
			name = Frameworks;
			sourceTree = "<group>";
		};
		C2D8F53D157E1346003076D9 /* epom_provider_inneractive */ = {
			isa = PBXGroup;
			children = (
				C2D8F540157E1346003076D9 /* ESProviderBannerInneractive.h */,
				C2D8F541157E1346003076D9 /* ESProviderBannerInneractive.m */,
				C29AACEC16300C0100F32642 /* ESProviderInterstitialInneractive.h */,
				C29AACED16300C0100F32642 /* ESProviderInterstitialInneractive.m */,
				C2D8F53E157E1346003076D9 /* Supporting Files */,
			);
			path = epom_provider_inneractive;
			sourceTree = "<group>";
		};
		C2D8F53E157E1346003076D9 /* Supporting Files */ = {
			isa = PBXGroup;
			children = (
				C2D8F53F157E1346003076D9 /* epom_provider_inneractive-Prefix.pch */,
			);
			name = "Supporting Files";
			sourceTree = "<group>";
		};
/* End PBXGroup section */

/* Begin PBXHeadersBuildPhase section */
		C2D8F536157E1346003076D9 /* Headers */ = {
			isa = PBXHeadersBuildPhase;
			buildActionMask = 2147483647;
			files = (
				C29AACEE16300C0100F32642 /* ESProviderInterstitialInneractive.h in Headers */,
			);
			runOnlyForDeploymentPostprocessing = 0;
		};
/* End PBXHeadersBuildPhase section */

/* Begin PBXNativeTarget section */
		C2D8F537157E1346003076D9 /* epom_provider_inneractive */ = {
			isa = PBXNativeTarget;
			buildConfigurationList = C2D8F545157E1346003076D9 /* Build configuration list for PBXNativeTarget "epom_provider_inneractive" */;
			buildPhases = (
				C2D8F534157E1346003076D9 /* Sources */,
				C2D8F535157E1346003076D9 /* Frameworks */,
				C2D8F536157E1346003076D9 /* Headers */,
				C21D2292157F549600304A1A /* ShellScript */,
			);
			buildRules = (
			);
			dependencies = (
			);
			name = epom_provider_inneractive;
			productName = epom_provider_inneractive;
			productReference = C2D8F538157E1346003076D9 /* libepom_provider_inneractive.a */;
			productType = "com.apple.product-type.library.static";
		};
/* End PBXNativeTarget section */

/* Begin PBXProject section */
		C2D8F52F157E1346003076D9 /* Project object */ = {
			isa = PBXProject;
			attributes = {
				LastUpgradeCheck = 0440;
			};
			buildConfigurationList = C2D8F532157E1346003076D9 /* Build configuration list for PBXProject "epom_provider_inneractive" */;
			compatibilityVersion = "Xcode 3.2";
			developmentRegion = English;
			hasScannedForEncodings = 0;
			knownRegions = (
				en,
			);
			mainGroup = C2D8F52D157E1346003076D9;
			productRefGroup = C2D8F539157E1346003076D9 /* Products */;
			projectDirPath = "";
			projectRoot = "";
			targets = (
				C2D8F537157E1346003076D9 /* epom_provider_inneractive */,
			);
		};
/* End PBXProject section */

/* Begin PBXShellScriptBuildPhase section */
		C21D2292157F549600304A1A /* ShellScript */ = {
			isa = PBXShellScriptBuildPhase;
			buildActionMask = 2147483647;
			files = (
			);
			inputPaths = (
			);
			outputPaths = (
			);
			runOnlyForDeploymentPostprocessing = 0;
			shellPath = /bin/sh;
			shellScript = "../../universal_lib.sh ../../../lib/";
			showEnvVarsInLog = 0;
		};
/* End PBXShellScriptBuildPhase section */

/* Begin PBXSourcesBuildPhase section */
		C2D8F534157E1346003076D9 /* Sources */ = {
			isa = PBXSourcesBuildPhase;
			buildActionMask = 2147483647;
			files = (
				C2D8F542157E1346003076D9 /* ESProviderBannerInneractive.m in Sources */,
				C29AACEF16300C0100F32642 /* ESProviderInterstitialInneractive.m in Sources */,
			);
			runOnlyForDeploymentPostprocessing = 0;
		};
/* End PBXSourcesBuildPhase section */

/* Begin XCBuildConfiguration section */
		C2D8F543157E1346003076D9 /* Debug */ = {
			isa = XCBuildConfiguration;
			buildSettings = {
				ALWAYS_SEARCH_USER_PATHS = NO;
				ARCHS = "$(ARCHS_STANDARD_32_BIT)";
				COPY_PHASE_STRIP = NO;
				GCC_C_LANGUAGE_STANDARD = gnu99;
				GCC_DYNAMIC_NO_PIC = NO;
				GCC_OPTIMIZATION_LEVEL = 0;
				GCC_PREPROCESSOR_DEFINITIONS = (
					"DEBUG=1",
					"$(inherited)",
				);
				GCC_SYMBOLS_PRIVATE_EXTERN = NO;
				GCC_THUMB_SUPPORT = NO;
				GCC_VERSION = "";
				GCC_WARN_ABOUT_RETURN_TYPE = YES;
				GCC_WARN_UNINITIALIZED_AUTOS = YES;
				GCC_WARN_UNUSED_VARIABLE = YES;
				HEADER_SEARCH_PATHS = (
					../../shared/,
					../../../include/,
					../../../externals/,
				);
				IPHONEOS_DEPLOYMENT_TARGET = 4.3;
				ONLY_ACTIVE_ARCH = NO;
				SDKROOT = iphoneos;
				VALID_ARCHS = "armv7 armv7s i386";
			};
			name = Debug;
		};
		C2D8F544157E1346003076D9 /* Release */ = {
			isa = XCBuildConfiguration;
			buildSettings = {
				ALWAYS_SEARCH_USER_PATHS = NO;
				ARCHS = "$(ARCHS_STANDARD_32_BIT)";
				COPY_PHASE_STRIP = YES;
				GCC_C_LANGUAGE_STANDARD = gnu99;
				GCC_THUMB_SUPPORT = NO;
				GCC_VERSION = "";
				GCC_WARN_ABOUT_RETURN_TYPE = YES;
				GCC_WARN_UNINITIALIZED_AUTOS = YES;
				GCC_WARN_UNUSED_VARIABLE = YES;
				HEADER_SEARCH_PATHS = (
					../../shared/,
					../../../include/,
					../../../externals/,
				);
				IPHONEOS_DEPLOYMENT_TARGET = 4.3;
				ONLY_ACTIVE_ARCH = NO;
				SDKROOT = iphoneos;
				VALIDATE_PRODUCT = YES;
				VALID_ARCHS = "armv7 armv7s i386";
			};
			name = Release;
		};
		C2D8F546157E1346003076D9 /* Debug */ = {
			isa = XCBuildConfiguration;
			buildSettings = {
				DSTROOT = /tmp/epom_provider_inneractive.dst;
				GCC_PRECOMPILE_PREFIX_HEADER = YES;
				GCC_PREFIX_HEADER = "epom_provider_inneractive/epom_provider_inneractive-Prefix.pch";
				GCC_THUMB_SUPPORT = NO;
				PRODUCT_NAME = "$(TARGET_NAME)";
				SKIP_INSTALL = YES;
			};
			name = Debug;
		};
		C2D8F547157E1346003076D9 /* Release */ = {
			isa = XCBuildConfiguration;
			buildSettings = {
				DSTROOT = /tmp/epom_provider_inneractive.dst;
				GCC_PRECOMPILE_PREFIX_HEADER = YES;
				GCC_PREFIX_HEADER = "epom_provider_inneractive/epom_provider_inneractive-Prefix.pch";
				GCC_THUMB_SUPPORT = NO;
				PRODUCT_NAME = "$(TARGET_NAME)";
				SKIP_INSTALL = YES;
			};
			name = Release;
		};
/* End XCBuildConfiguration section */

/* Begin XCConfigurationList section */
		C2D8F532157E1346003076D9 /* Build configuration list for PBXProject "epom_provider_inneractive" */ = {
			isa = XCConfigurationList;
			buildConfigurations = (
				C2D8F543157E1346003076D9 /* Debug */,
				C2D8F544157E1346003076D9 /* Release */,
			);
			defaultConfigurationIsVisible = 0;
			defaultConfigurationName = Release;
		};
		C2D8F545157E1346003076D9 /* Build configuration list for PBXNativeTarget "epom_provider_inneractive" */ = {
			isa = XCConfigurationList;
			buildConfigurations = (
				C2D8F546157E1346003076D9 /* Debug */,
				C2D8F547157E1346003076D9 /* Release */,
			);
			defaultConfigurationIsVisible = 0;
			defaultConfigurationName = Release;
		};
/* End XCConfigurationList section */
	};
	rootObject = C2D8F52F157E1346003076D9 /* Project object */;
}
